
Microsoft Visual Studio Solution File, Format Version 12.00
# Visual Studio Version 17
VisualStudioVersion = 17.14.36414.22 d17.14
MinimumVisualStudioVersion = 10.0.40219.1
Project("{FAE04EC0-301F-11D3-BF4B-00C04F79EFBC}") = "NET Core Web API", "NET Core Web API.csproj", "{58459771-EF31-483F-A68F-1E955D67C812}"
EndProject
Global
	GlobalSection(SolutionConfigurationPlatforms) = preSolution
		Debug|Any CPU = Debug|Any CPU
		Release|Any CPU = Release|Any CPU
	EndGlobalSection
	GlobalSection(ProjectConfigurationPlatforms) = postSolution
		{58459771-EF31-483F-A68F-1E955D67C812}.Debug|Any CPU.ActiveCfg = Debug|Any CPU
		{58459771-EF31-483F-A68F-1E955D67C812}.Debug|Any CPU.Build.0 = Debug|Any CPU
		{58459771-EF31-483F-A68F-1E955D67C812}.Release|Any CPU.ActiveCfg = Release|Any CPU
		{58459771-EF31-483F-A68F-1E955D67C812}.Release|Any CPU.Build.0 = Release|Any CPU
	EndGlobalSection
	GlobalSection(SolutionProperties) = preSolution
		HideSolutionNode = FALSE
	EndGlobalSection
	GlobalSection(ExtensibilityGlobals) = postSolution
		SolutionGuid = {3A4AE689-5971-4885-B5E1-9F75533820FF}
	EndGlobalSection
EndGlobal
